
Microsoft Visual Studio Solution File, Format Version 12.00
# Visual Studio Version 17
VisualStudioVersion = 17.13.35818.85 d17.13
MinimumVisualStudioVersion = 10.0.40219.1
Project("{FAE04EC0-301F-11D3-BF4B-00C04F79EFBC}") = "Livraria", "Livraria.csproj", "{368B42B5-09A5-492D-B4F5-AED97231E46A}"
EndProject
Global
	GlobalSection(SolutionConfigurationPlatforms) = preSolution
		Debug|Any CPU = Debug|Any CPU
		Release|Any CPU = Release|Any CPU
	EndGlobalSection
	GlobalSection(ProjectConfigurationPlatforms) = postSolution
		{368B42B5-09A5-492D-B4F5-AED97231E46A}.Debug|Any CPU.ActiveCfg = Debug|Any CPU
		{368B42B5-09A5-492D-B4F5-AED97231E46A}.Debug|Any CPU.Build.0 = Debug|Any CPU
		{368B42B5-09A5-492D-B4F5-AED97231E46A}.Release|Any CPU.ActiveCfg = Release|Any CPU
		{368B42B5-09A5-492D-B4F5-AED97231E46A}.Release|Any CPU.Build.0 = Release|Any CPU
	EndGlobalSection
	GlobalSection(SolutionProperties) = preSolution
		HideSolutionNode = FALSE
	EndGlobalSection
	GlobalSection(ExtensibilityGlobals) = postSolution
		SolutionGuid = {ACE10531-7262-466D-AEAC-26B4514B8826}
	EndGlobalSection
EndGlobal
